
Microsoft Visual Studio Solution File, Format Version 11.00
# Visual Studio 2010
Project("{FAE04EC0-301F-11D3-BF4B-00C04F79EFBC}") = "smhn", "smhn\smhn.csproj", "{273D79C3-FC24-498E-992E-01E8936F8D57}"
EndProject
Project("{FAE04EC0-301F-11D3-BF4B-00C04F79EFBC}") = "SmhnLib", "SmhnLib\SmhnLib.csproj", "{7ECBD479-A28B-457B-88EC-28EF4A6B8235}"
EndProject
Global
	GlobalSection(SolutionConfigurationPlatforms) = preSolution
		Debug|Any CPU = Debug|Any CPU
		Release|Any CPU = Release|Any CPU
	EndGlobalSection
	GlobalSection(ProjectConfigurationPlatforms) = postSolution
		{273D79C3-FC24-498E-992E-01E8936F8D57}.Debug|Any CPU.ActiveCfg = Debug|Any CPU
		{273D79C3-FC24-498E-992E-01E8936F8D57}.Debug|Any CPU.Build.0 = Debug|Any CPU
		{273D79C3-FC24-498E-992E-01E8936F8D57}.Debug|Any CPU.Deploy.0 = Debug|Any CPU
		{273D79C3-FC24-498E-992E-01E8936F8D57}.Release|Any CPU.ActiveCfg = Release|Any CPU
		{273D79C3-FC24-498E-992E-01E8936F8D57}.Release|Any CPU.Build.0 = Release|Any CPU
		{273D79C3-FC24-498E-992E-01E8936F8D57}.Release|Any CPU.Deploy.0 = Release|Any CPU
		{7ECBD479-A28B-457B-88EC-28EF4A6B8235}.Debug|Any CPU.ActiveCfg = Debug|Any CPU
		{7ECBD479-A28B-457B-88EC-28EF4A6B8235}.Debug|Any CPU.Build.0 = Debug|Any CPU
		{7ECBD479-A28B-457B-88EC-28EF4A6B8235}.Release|Any CPU.ActiveCfg = Release|Any CPU
		{7ECBD479-A28B-457B-88EC-28EF4A6B8235}.Release|Any CPU.Build.0 = Release|Any CPU
	EndGlobalSection
	GlobalSection(SolutionProperties) = preSolution
		HideSolutionNode = FALSE
	EndGlobalSection
EndGlobal
